// !$*UTF8*$!
{
	archiveVersion = 1;
	classes = {
	};
	objectVersion = 56;
	objects = {

/* Begin PBXBuildFile section */
		CE9AD2222A5AEA5700FFAFEC /* AppDelegate.swift in Sources */ = {isa = PBXBuildFile; fileRef = CE9AD2212A5AEA5700FFAFEC /* AppDelegate.swift */; };
		CE9AD2242A5AEA5700FFAFEC /* SceneDelegate.swift in Sources */ = {isa = PBXBuildFile; fileRef = CE9AD2232A5AEA5700FFAFEC /* SceneDelegate.swift */; };
		CE9AD2262A5AEA5700FFAFEC /* ViewController.swift in Sources */ = {isa = PBXBuildFile; fileRef = CE9AD2252A5AEA5700FFAFEC /* ViewController.swift */; };
		CE9AD2292A5AEA5700FFAFEC /* Main.storyboard in Resources */ = {isa = PBXBuildFile; fileRef = CE9AD2272A5AEA5700FFAFEC /* Main.storyboard */; };
		CE9AD22B2A5AEA5800FFAFEC /* Assets.xcassets in Resources */ = {isa = PBXBuildFile; fileRef = CE9AD22A2A5AEA5800FFAFEC /* Assets.xcassets */; };
		CE9AD22E2A5AEA5800FFAFEC /* LaunchScreen.storyboard in Resources */ = {isa = PBXBuildFile; fileRef = CE9AD22C2A5AEA5800FFAFEC /* LaunchScreen.storyboard */; };
		CE9AD2362A5AEE8B00FFAFEC /* Rps.swift in Sources */ = {isa = PBXBuildFile; fileRef = CE9AD2352A5AEE8B00FFAFEC /* Rps.swift */; };
/* End PBXBuildFile section */

/* Begin PBXFileReference section */
		CE9AD21E2A5AEA5700FFAFEC /* RPS game 최종연습.app */ = {isa = PBXFileReference; explicitFileType = wrapper.application; includeInIndex = 0; path = "RPS game 최종연습.app"; sourceTree = BUILT_PRODUCTS_DIR; };
		CE9AD2212A5AEA5700FFAFEC /* AppDelegate.swift */ = {isa = PBXFileReference; lastKnownFileType = sourcecode.swift; path = AppDelegate.swift; sourceTree = "<group>"; };
		CE9AD2232A5AEA5700FFAFEC /* SceneDelegate.swift */ = {isa = PBXFileReference; lastKnownFileType = sourcecode.swift; path = SceneDelegate.swift; sourceTree = "<group>"; };
		CE9AD2252A5AEA5700FFAFEC /* ViewController.swift */ = {isa = PBXFileReference; lastKnownFileType = sourcecode.swift; path = ViewController.swift; sourceTree = "<group>"; };
		CE9AD2282A5AEA5700FFAFEC /* Base */ = {isa = PBXFileReference; lastKnownFileType = file.storyboard; name = Base; path = Base.lproj/Main.storyboard; sourceTree = "<group>"; };
		CE9AD22A2A5AEA5800FFAFEC /* Assets.xcassets */ = {isa = PBXFileReference; lastKnownFileType = folder.assetcatalog; path = Assets.xcassets; sourceTree = "<group>"; };
		CE9AD22D2A5AEA5800FFAFEC /* Base */ = {isa = PBXFileReference; lastKnownFileType = file.storyboard; name = Base; path = Base.lproj/LaunchScreen.storyboard; sourceTree = "<group>"; };
		CE9AD22F2A5AEA5800FFAFEC /* Info.plist */ = {isa = PBXFileReference; lastKnownFileType = text.plist.xml; path = Info.plist; sourceTree = "<group>"; };
		CE9AD2352A5AEE8B00FFAFEC /* Rps.swift */ = {isa = PBXFileReference; lastKnownFileType = sourcecode.swift; path = Rps.swift; sourceTree = "<group>"; };
/* End PBXFileReference section */

/* Begin PBXFrameworksBuildPhase section */
		CE9AD21B2A5AEA5700FFAFEC /* Frameworks */ = {
			isa = PBXFrameworksBuildPhase;
			buildActionMask = 2147483647;
			files = (
			);
			runOnlyForDeploymentPostprocessing = 0;
		};
/* End PBXFrameworksBuildPhase section */

/* Begin PBXGroup section */
		CE9AD2152A5AEA5700FFAFEC = {
			isa = PBXGroup;
			children = (
				CE9AD2202A5AEA5700FFAFEC /* RPS game 최종연습 */,
				CE9AD21F2A5AEA5700FFAFEC /* Products */,
			);
			sourceTree = "<group>";
		};
		CE9AD21F2A5AEA5700FFAFEC /* Products */ = {
			isa = PBXGroup;
			children = (
				CE9AD21E2A5AEA5700FFAFEC /* RPS game 최종연습.app */,
			);
			name = Products;
			sourceTree = "<group>";
		};
		CE9AD2202A5AEA5700FFAFEC /* RPS game 최종연습 */ = {
			isa = PBXGroup;
			children = (
				CE9AD2212A5AEA5700FFAFEC /* AppDelegate.swift */,
				CE9AD2232A5AEA5700FFAFEC /* SceneDelegate.swift */,
				CE9AD2352A5AEE8B00FFAFEC /* Rps.swift */,
				CE9AD2252A5AEA5700FFAFEC /* ViewController.swift */,
				CE9AD2272A5AEA5700FFAFEC /* Main.storyboard */,
				CE9AD22A2A5AEA5800FFAFEC /* Assets.xcassets */,
				CE9AD22C2A5AEA5800FFAFEC /* LaunchScreen.storyboard */,
				CE9AD22F2A5AEA5800FFAFEC /* Info.plist */,
			);
			path = "RPS game 최종연습";
			sourceTree = "<group>";
		};
/* End PBXGroup section */

/* Begin PBXNativeTarget section */
		CE9AD21D2A5AEA5700FFAFEC /* RPS game 최종연습 */ = {
			isa = PBXNativeTarget;
			buildConfigurationList = CE9AD2322A5AEA5800FFAFEC /* Build configuration list for PBXNativeTarget "RPS game 최종연습" */;
			buildPhases = (
				CE9AD21A2A5AEA5700FFAFEC /* Sources */,
				CE9AD21B2A5AEA5700FFAFEC /* Frameworks */,
				CE9AD21C2A5AEA5700FFAFEC /* Resources */,
			);
			buildRules = (
			);
			dependencies = (
			);
			name = "RPS game 최종연습";
			productName = "RPS game 최종연습";
			productReference = CE9AD21E2A5AEA5700FFAFEC /* RPS game 최종연습.app */;
			productType = "com.apple.product-type.application";
		};
/* End PBXNativeTarget section */

/* Begin PBXProject section */
		CE9AD2162A5AEA5700FFAFEC /* Project object */ = {
			isa = PBXProject;
			attributes = {
				BuildIndependentTargetsInParallel = 1;
				LastSwiftUpdateCheck = 1430;
				LastUpgradeCheck = 1430;
				TargetAttributes = {
					CE9AD21D2A5AEA5700FFAFEC = {
						CreatedOnToolsVersion = 14.3.1;
					};
				};
			};
			buildConfigurationList = CE9AD2192A5AEA5700FFAFEC /* Build configuration list for PBXProject "RPS game 최종연습" */;
			compatibilityVersion = "Xcode 14.0";
			developmentRegion = en;
			hasScannedForEncodings = 0;
			knownRegions = (
				en,
				Base,
			);
			mainGroup = CE9AD2152A5AEA5700FFAFEC;
			productRefGroup = CE9AD21F2A5AEA5700FFAFEC /* Products */;
			projectDirPath = "";
			projectRoot = "";
			targets = (
				CE9AD21D2A5AEA5700FFAFEC /* RPS game 최종연습 */,
			);
		};
/* End PBXProject section */

/* Begin PBXResourcesBuildPhase section */
		CE9AD21C2A5AEA5700FFAFEC /* Resources */ = {
			isa = PBXResourcesBuildPhase;
			buildActionMask = 2147483647;
			files = (
				CE9AD22E2A5AEA5800FFAFEC /* LaunchScreen.storyboard in Resources */,
				CE9AD22B2A5AEA5800FFAFEC /* Assets.xcassets in Resources */,
				CE9AD2292A5AEA5700FFAFEC /* Main.storyboard in Resources */,
			);
			runOnlyForDeploymentPostprocessing = 0;
		};
/* End PBXResourcesBuildPhase section */

/* Begin PBXSourcesBuildPhase section */
		CE9AD21A2A5AEA5700FFAFEC /* Sources */ = {
			isa = PBXSourcesBuildPhase;
			buildActionMask = 2147483647;
			files = (
				CE9AD2262A5AEA5700FFAFEC /* ViewController.swift in Sources */,
				CE9AD2362A5AEE8B00FFAFEC /* Rps.swift in Sources */,
				CE9AD2222A5AEA5700FFAFEC /* AppDelegate.swift in Sources */,
				CE9AD2242A5AEA5700FFAFEC /* SceneDelegate.swift in Sources */,
			);
			runOnlyForDeploymentPostprocessing = 0;
		};
/* End PBXSourcesBuildPhase section */

/* Begin PBXVariantGroup section */
		CE9AD2272A5AEA5700FFAFEC /* Main.storyboard */ = {
			isa = PBXVariantGroup;
			children = (
				CE9AD2282A5AEA5700FFAFEC /* Base */,
			);
			name = Main.storyboard;
			sourceTree = "<group>";
		};
		CE9AD22C2A5AEA5800FFAFEC /* LaunchScreen.storyboard */ = {
			isa = PBXVariantGroup;
			children = (
				CE9AD22D2A5AEA5800FFAFEC /* Base */,
			);
			name = LaunchScreen.storyboard;
			sourceTree = "<group>";
		};
/* End PBXVariantGroup section */

/* Begin XCBuildConfiguration section */
		CE9AD2302A5AEA5800FFAFEC /* Debug */ = {
			isa = XCBuildConfiguration;
			buildSettings = {
				ALWAYS_SEARCH_USER_PATHS = NO;
				CLANG_ANALYZER_NONNULL = YES;
				CLANG_ANALYZER_NUMBER_OBJECT_CONVERSION = YES_AGGRESSIVE;
				CLANG_CXX_LANGUAGE_STANDARD = "gnu++20";
				CLANG_ENABLE_MODULES = YES;
				CLANG_ENABLE_OBJC_ARC = YES;
				CLANG_ENABLE_OBJC_WEAK = YES;
				CLANG_WARN_BLOCK_CAPTURE_AUTORELEASING = YES;
				CLANG_WARN_BOOL_CONVERSION = YES;
				CLANG_WARN_COMMA = YES;
				CLANG_WARN_CONSTANT_CONVERSION = YES;
				CLANG_WARN_DEPRECATED_OBJC_IMPLEMENTATIONS = YES;
				CLANG_WARN_DIRECT_OBJC_ISA_USAGE = YES_ERROR;
				CLANG_WARN_DOCUMENTATION_COMMENTS = YES;
				CLANG_WARN_EMPTY_BODY = YES;
				CLANG_WARN_ENUM_CONVERSION = YES;
				CLANG_WARN_INFINITE_RECURSION = YES;
				CLANG_WARN_INT_CONVERSION = YES;
				CLANG_WARN_NON_LITERAL_NULL_CONVERSION = YES;
				CLANG_WARN_OBJC_IMPLICIT_RETAIN_SELF = YES;
				CLANG_WARN_OBJC_LITERAL_CONVERSION = YES;
				CLANG_WARN_OBJC_ROOT_CLASS = YES_ERROR;
				CLANG_WARN_QUOTED_INCLUDE_IN_FRAMEWORK_HEADER = YES;
				CLANG_WARN_RANGE_LOOP_ANALYSIS = YES;
				CLANG_WARN_STRICT_PROTOTYPES = YES;
				CLANG_WARN_SUSPICIOUS_MOVE = YES;
				CLANG_WARN_UNGUARDED_AVAILABILITY = YES_AGGRESSIVE;
				CLANG_WARN_UNREACHABLE_CODE = YES;
				CLANG_WARN__DUPLICATE_METHOD_MATCH = YES;
				COPY_PHASE_STRIP = NO;
				DEBUG_INFORMATION_FORMAT = dwarf;
				ENABLE_STRICT_OBJC_MSGSEND = YES;
				ENABLE_TESTABILITY = YES;
				GCC_C_LANGUAGE_STANDARD = gnu11;
				GCC_DYNAMIC_NO_PIC = NO;
				GCC_NO_COMMON_BLOCKS = YES;
				GCC_OPTIMIZATION_LEVEL = 0;
				GCC_PREPROCESSOR_DEFINITIONS = (
					"DEBUG=1",
					"$(inherited)",
				);
				GCC_WARN_64_TO_32_BIT_CONVERSION = YES;
				GCC_WARN_ABOUT_RETURN_TYPE = YES_ERROR;
				GCC_WARN_UNDECLARED_SELECTOR = YES;
				GCC_WARN_UNINITIALIZED_AUTOS = YES_AGGRESSIVE;
				GCC_WARN_UNUSED_FUNCTION = YES;
				GCC_WARN_UNUSED_VARIABLE = YES;
				IPHONEOS_DEPLOYMENT_TARGET = 16.4;
				MTL_ENABLE_DEBUG_INFO = INCLUDE_SOURCE;
				MTL_FAST_MATH = YES;
				ONLY_ACTIVE_ARCH = YES;
				SDKROOT = iphoneos;
				SWIFT_ACTIVE_COMPILATION_CONDITIONS = DEBUG;
				SWIFT_OPTIMIZATION_LEVEL = "-Onone";
			};
			name = Debug;
		};
		CE9AD2312A5AEA5800FFAFEC /* Release */ = {
			isa = XCBuildConfiguration;
			buildSettings = {
				ALWAYS_SEARCH_USER_PATHS = NO;
				CLANG_ANALYZER_NONNULL = YES;
				CLANG_ANALYZER_NUMBER_OBJECT_CONVERSION = YES_AGGRESSIVE;
				CLANG_CXX_LANGUAGE_STANDARD = "gnu++20";
				CLANG_ENABLE_MODULES = YES;
				CLANG_ENABLE_OBJC_ARC = YES;
				CLANG_ENABLE_OBJC_WEAK = YES;
				CLANG_WARN_BLOCK_CAPTURE_AUTORELEASING = YES;
				CLANG_WARN_BOOL_CONVERSION = YES;
				CLANG_WARN_COMMA = YES;
				CLANG_WARN_CONSTANT_CONVERSION = YES;
				CLANG_WARN_DEPRECATED_OBJC_IMPLEMENTATIONS = YES;
				CLANG_WARN_DIRECT_OBJC_ISA_USAGE = YES_ERROR;
				CLANG_WARN_DOCUMENTATION_COMMENTS = YES;
				CLANG_WARN_EMPTY_BODY = YES;
				CLANG_WARN_ENUM_CONVERSION = YES;
				CLANG_WARN_INFINITE_RECURSION = YES;
				CLANG_WARN_INT_CONVERSION = YES;
				CLANG_WARN_NON_LITERAL_NULL_CONVERSION = YES;
				CLANG_WARN_OBJC_IMPLICIT_RETAIN_SELF = YES;
				CLANG_WARN_OBJC_LITERAL_CONVERSION = YES;
				CLANG_WARN_OBJC_ROOT_CLASS = YES_ERROR;
				CLANG_WARN_QUOTED_INCLUDE_IN_FRAMEWORK_HEADER = YES;
				CLANG_WARN_RANGE_LOOP_ANALYSIS = YES;
				CLANG_WARN_STRICT_PROTOTYPES = YES;
				CLANG_WARN_SUSPICIOUS_MOVE = YES;
				CLANG_WARN_UNGUARDED_AVAILABILITY = YES_AGGRESSIVE;
				CLANG_WARN_UNREACHABLE_CODE = YES;
				CLANG_WARN__DUPLICATE_METHOD_MATCH = YES;
				COPY_PHASE_STRIP = NO;
				DEBUG_INFORMATION_FORMAT = "dwarf-with-dsym";
				ENABLE_NS_ASSERTIONS = NO;
				ENABLE_STRICT_OBJC_MSGSEND = YES;
				GCC_C_LANGUAGE_STANDARD = gnu11;
				GCC_NO_COMMON_BLOCKS = YES;
				GCC_WARN_64_TO_32_BIT_CONVERSION = YES;
				GCC_WARN_ABOUT_RETURN_TYPE = YES_ERROR;
				GCC_WARN_UNDECLARED_SELECTOR = YES;
				GCC_WARN_UNINITIALIZED_AUTOS = YES_AGGRESSIVE;
				GCC_WARN_UNUSED_FUNCTION = YES;
				GCC_WARN_UNUSED_VARIABLE = YES;
				IPHONEOS_DEPLOYMENT_TARGET = 16.4;
				MTL_ENABLE_DEBUG_INFO = NO;
				MTL_FAST_MATH = YES;
				SDKROOT = iphoneos;
				SWIFT_COMPILATION_MODE = wholemodule;
				SWIFT_OPTIMIZATION_LEVEL = "-O";
				VALIDATE_PRODUCT = YES;
			};
			name = Release;
		};
		CE9AD2332A5AEA5800FFAFEC /* Debug */ = {
			isa = XCBuildConfiguration;
			buildSettings = {
				ASSETCATALOG_COMPILER_APPICON_NAME = AppIcon;
				ASSETCATALOG_COMPILER_GLOBAL_ACCENT_COLOR_NAME = AccentColor;
				CODE_SIGN_STYLE = Automatic;
				CURRENT_PROJECT_VERSION = 1;
				GENERATE_INFOPLIST_FILE = YES;
				INFOPLIST_FILE = "RPS game 최종연습/Info.plist";
				INFOPLIST_KEY_UIApplicationSupportsIndirectInputEvents = YES;
				INFOPLIST_KEY_UILaunchStoryboardName = LaunchScreen;
				INFOPLIST_KEY_UIMainStoryboardFile = Main;
				INFOPLIST_KEY_UISupportedInterfaceOrientations = UIInterfaceOrientationPortrait;
				INFOPLIST_KEY_UISupportedInterfaceOrientations_iPad = "UIInterfaceOrientationLandscapeLeft UIInterfaceOrientationLandscapeRight UIInterfaceOrientationPortrait UIInterfaceOrientationPortraitUpsideDown";
				IPHONEOS_DEPLOYMENT_TARGET = 13.0;
				LD_RUNPATH_SEARCH_PATHS = (
					"$(inherited)",
					"@executable_path/Frameworks",
				);
				MARKETING_VERSION = 1.0;
				PRODUCT_BUNDLE_IDENTIFIER = "com.yejinLIm.RPS-game------------";
				PRODUCT_NAME = "$(TARGET_NAME)";
				SUPPORTED_PLATFORMS = "iphoneos iphonesimulator";
				SUPPORTS_MACCATALYST = NO;
				SUPPORTS_MAC_DESIGNED_FOR_IPHONE_IPAD = YES;
				SWIFT_EMIT_LOC_STRINGS = YES;
				SWIFT_VERSION = 5.0;
				TARGETED_DEVICE_FAMILY = 1;
			};
			name = Debug;
		};
		CE9AD2342A5AEA5800FFAFEC /* Release */ = {
			isa = XCBuildConfiguration;
			buildSettings = {
				ASSETCATALOG_COMPILER_APPICON_NAME = AppIcon;
				ASSETCATALOG_COMPILER_GLOBAL_ACCENT_COLOR_NAME = AccentColor;
				CODE_SIGN_STYLE = Automatic;
				CURRENT_PROJECT_VERSION = 1;
				GENERATE_INFOPLIST_FILE = YES;
				INFOPLIST_FILE = "RPS game 최종연습/Info.plist";
				INFOPLIST_KEY_UIApplicationSupportsIndirectInputEvents = YES;
				INFOPLIST_KEY_UILaunchStoryboardName = LaunchScreen;
				INFOPLIST_KEY_UIMainStoryboardFile = Main;
				INFOPLIST_KEY_UISupportedInterfaceOrientations = UIInterfaceOrientationPortrait;
				INFOPLIST_KEY_UISupportedInterfaceOrientations_iPad = "UIInterfaceOrientationLandscapeLeft UIInterfaceOrientationLandscapeRight UIInterfaceOrientationPortrait UIInterfaceOrientationPortraitUpsideDown";
				IPHONEOS_DEPLOYMENT_TARGET = 13.0;
				LD_RUNPATH_SEARCH_PATHS = (
					"$(inherited)",
					"@executable_path/Frameworks",
				);
				MARKETING_VERSION = 1.0;
				PRODUCT_BUNDLE_IDENTIFIER = "com.yejinLIm.RPS-game------------";
				PRODUCT_NAME = "$(TARGET_NAME)";
				SUPPORTED_PLATFORMS = "iphoneos iphonesimulator";
				SUPPORTS_MACCATALYST = NO;
				SUPPORTS_MAC_DESIGNED_FOR_IPHONE_IPAD = YES;
				SWIFT_EMIT_LOC_STRINGS = YES;
				SWIFT_VERSION = 5.0;
				TARGETED_DEVICE_FAMILY = 1;
			};
			name = Release;
		};
/* End XCBuildConfiguration section */

/* Begin XCConfigurationList section */
		CE9AD2192A5AEA5700FFAFEC /* Build configuration list for PBXProject "RPS game 최종연습" */ = {
			isa = XCConfigurationList;
			buildConfigurations = (
				CE9AD2302A5AEA5800FFAFEC /* Debug */,
				CE9AD2312A5AEA5800FFAFEC /* Release */,
			);
			defaultConfigurationIsVisible = 0;
			defaultConfigurationName = Release;
		};
		CE9AD2322A5AEA5800FFAFEC /* Build configuration list for PBXNativeTarget "RPS game 최종연습" */ = {
			isa = XCConfigurationList;
			buildConfigurations = (
				CE9AD2332A5AEA5800FFAFEC /* Debug */,
				CE9AD2342A5AEA5800FFAFEC /* Release */,
			);
			defaultConfigurationIsVisible = 0;
			defaultConfigurationName = Release;
		};
/* End XCConfigurationList section */
	};
	rootObject = CE9AD2162A5AEA5700FFAFEC /* Project object */;
}
